
Microsoft Visual Studio Solution File, Format Version 12.00
# Visual Studio Version 16
VisualStudioVersion = 16.0.30114.105
MinimumVisualStudioVersion = 10.0.40219.1
Project("{FAE04EC0-301F-11D3-BF4B-00C04F79EFBC}") = "StackArray", "StackArray\StackArray.csproj", "{B17F30F7-3917-45C9-9D17-3B1A2CFF9F72}"
EndProject
Global
	GlobalSection(SolutionConfigurationPlatforms) = preSolution
		Debug|Any CPU = Debug|Any CPU
		Release|Any CPU = Release|Any CPU
	EndGlobalSection
	GlobalSection(ProjectConfigurationPlatforms) = postSolution
		{B17F30F7-3917-45C9-9D17-3B1A2CFF9F72}.Debug|Any CPU.ActiveCfg = Debug|Any CPU
		{B17F30F7-3917-45C9-9D17-3B1A2CFF9F72}.Debug|Any CPU.Build.0 = Debug|Any CPU
		{B17F30F7-3917-45C9-9D17-3B1A2CFF9F72}.Release|Any CPU.ActiveCfg = Release|Any CPU
		{B17F30F7-3917-45C9-9D17-3B1A2CFF9F72}.Release|Any CPU.Build.0 = Release|Any CPU
	EndGlobalSection
	GlobalSection(SolutionProperties) = preSolution
		HideSolutionNode = FALSE
	EndGlobalSection
	GlobalSection(ExtensibilityGlobals) = postSolution
		SolutionGuid = {33EE8984-0968-42CC-BDB4-E5F7F19CA0C2}
	EndGlobalSection
EndGlobal
